// !$*UTF8*$!
{
	archiveVersion = 1;
	classes = {
	};
	objectVersion = 56;
	objects = {

/* Begin PBXBuildFile section */
		A10164512B0ABEFD000FDF55 /* ImageUploader.swift in Sources */ = {isa = PBXBuildFile; fileRef = A10164502B0ABEFD000FDF55 /* ImageUploader.swift */; };
		A10164562B0AC5C6000FDF55 /* CircularProfileImageView.swift in Sources */ = {isa = PBXBuildFile; fileRef = A10164552B0AC5C6000FDF55 /* CircularProfileImageView.swift */; };
		A101645C2B0D9998000FDF55 /* FeedViewViewModel.swift in Sources */ = {isa = PBXBuildFile; fileRef = A101645B2B0D9998000FDF55 /* FeedViewViewModel.swift */; };
		A101645E2B0DA6FE000FDF55 /* PostService.swift in Sources */ = {isa = PBXBuildFile; fileRef = A101645D2B0DA6FE000FDF55 /* PostService.swift */; };
		A10164642B0DAC48000FDF55 /* PostGridViewModel.swift in Sources */ = {isa = PBXBuildFile; fileRef = A10164632B0DAC48000FDF55 /* PostGridViewModel.swift */; };
		A10164662B0EFF2C000FDF55 /* FeedCellViewModel.swift in Sources */ = {isa = PBXBuildFile; fileRef = A10164652B0EFF2C000FDF55 /* FeedCellViewModel.swift */; };
		A101B1552B01C8FD00C4962E /* LoginViewModel.swift in Sources */ = {isa = PBXBuildFile; fileRef = A101B1542B01C8FD00C4962E /* LoginViewModel.swift */; };
		A101B1572B02FF7E00C4962E /* UserService.swift in Sources */ = {isa = PBXBuildFile; fileRef = A101B1562B02FF7E00C4962E /* UserService.swift */; };
		A101B15B2B03008800C4962E /* SearchViewModel.swift in Sources */ = {isa = PBXBuildFile; fileRef = A101B15A2B03008800C4962E /* SearchViewModel.swift */; };
		A101B15D2B0481FE00C4962E /* EditProfileView.swift in Sources */ = {isa = PBXBuildFile; fileRef = A101B15C2B0481FE00C4962E /* EditProfileView.swift */; };
		A101B1612B05E09500C4962E /* EditProfileViewModel.swift in Sources */ = {isa = PBXBuildFile; fileRef = A101B1602B05E09500C4962E /* EditProfileViewModel.swift */; };
		A1C328EB2B144BC2009D98FD /* GoogleService-Info.plist in Resources */ = {isa = PBXBuildFile; fileRef = A1C328EA2B144BC2009D98FD /* GoogleService-Info.plist */; };
		A1C328EE2B144C17009D98FD /* FirebaseAnalytics in Frameworks */ = {isa = PBXBuildFile; productRef = A1C328ED2B144C17009D98FD /* FirebaseAnalytics */; };
		A1C328F02B144C17009D98FD /* FirebaseAnalyticsOnDeviceConversion in Frameworks */ = {isa = PBXBuildFile; productRef = A1C328EF2B144C17009D98FD /* FirebaseAnalyticsOnDeviceConversion */; };
		A1C328F22B144C17009D98FD /* FirebaseAnalyticsSwift in Frameworks */ = {isa = PBXBuildFile; productRef = A1C328F12B144C17009D98FD /* FirebaseAnalyticsSwift */; };
		A1C328F42B144C17009D98FD /* FirebaseAnalyticsWithoutAdIdSupport in Frameworks */ = {isa = PBXBuildFile; productRef = A1C328F32B144C17009D98FD /* FirebaseAnalyticsWithoutAdIdSupport */; };
		A1C328F62B144C17009D98FD /* FirebaseAppCheck in Frameworks */ = {isa = PBXBuildFile; productRef = A1C328F52B144C17009D98FD /* FirebaseAppCheck */; };
		A1C328F82B144C17009D98FD /* FirebaseAppDistribution-Beta in Frameworks */ = {isa = PBXBuildFile; productRef = A1C328F72B144C17009D98FD /* FirebaseAppDistribution-Beta */; };
		A1C328FA2B144C17009D98FD /* FirebaseAuth in Frameworks */ = {isa = PBXBuildFile; productRef = A1C328F92B144C17009D98FD /* FirebaseAuth */; };
		A1C328FC2B144C17009D98FD /* FirebaseAuthCombine-Community in Frameworks */ = {isa = PBXBuildFile; productRef = A1C328FB2B144C17009D98FD /* FirebaseAuthCombine-Community */; };
		A1C328FE2B144C17009D98FD /* FirebaseCrashlytics in Frameworks */ = {isa = PBXBuildFile; productRef = A1C328FD2B144C17009D98FD /* FirebaseCrashlytics */; };
		A1C329002B144C17009D98FD /* FirebaseDatabase in Frameworks */ = {isa = PBXBuildFile; productRef = A1C328FF2B144C17009D98FD /* FirebaseDatabase */; };
		A1C329022B144C17009D98FD /* FirebaseDatabaseSwift in Frameworks */ = {isa = PBXBuildFile; productRef = A1C329012B144C17009D98FD /* FirebaseDatabaseSwift */; };
		A1C329042B144C17009D98FD /* FirebaseDynamicLinks in Frameworks */ = {isa = PBXBuildFile; productRef = A1C329032B144C17009D98FD /* FirebaseDynamicLinks */; };
		A1C329062B144C17009D98FD /* FirebaseFirestore in Frameworks */ = {isa = PBXBuildFile; productRef = A1C329052B144C17009D98FD /* FirebaseFirestore */; };
		A1C329082B144C17009D98FD /* FirebaseFirestoreCombine-Community in Frameworks */ = {isa = PBXBuildFile; productRef = A1C329072B144C17009D98FD /* FirebaseFirestoreCombine-Community */; };
		A1C3290A2B144C17009D98FD /* FirebaseFirestoreSwift in Frameworks */ = {isa = PBXBuildFile; productRef = A1C329092B144C17009D98FD /* FirebaseFirestoreSwift */; };
		A1C3290C2B144C17009D98FD /* FirebaseFunctions in Frameworks */ = {isa = PBXBuildFile; productRef = A1C3290B2B144C17009D98FD /* FirebaseFunctions */; };
		A1C3290E2B144C17009D98FD /* FirebaseFunctionsCombine-Community in Frameworks */ = {isa = PBXBuildFile; productRef = A1C3290D2B144C17009D98FD /* FirebaseFunctionsCombine-Community */; };
		A1C329102B144C17009D98FD /* FirebaseInAppMessaging-Beta in Frameworks */ = {isa = PBXBuildFile; productRef = A1C3290F2B144C17009D98FD /* FirebaseInAppMessaging-Beta */; };
		A1C329122B144C17009D98FD /* FirebaseInAppMessagingSwift-Beta in Frameworks */ = {isa = PBXBuildFile; productRef = A1C329112B144C17009D98FD /* FirebaseInAppMessagingSwift-Beta */; };
		A1C329142B144C17009D98FD /* FirebaseInstallations in Frameworks */ = {isa = PBXBuildFile; productRef = A1C329132B144C17009D98FD /* FirebaseInstallations */; };
		A1C329162B144C17009D98FD /* FirebaseMLModelDownloader in Frameworks */ = {isa = PBXBuildFile; productRef = A1C329152B144C17009D98FD /* FirebaseMLModelDownloader */; };
		A1C329182B144C17009D98FD /* FirebaseMessaging in Frameworks */ = {isa = PBXBuildFile; productRef = A1C329172B144C17009D98FD /* FirebaseMessaging */; };
		A1C3291A2B144C17009D98FD /* FirebasePerformance in Frameworks */ = {isa = PBXBuildFile; productRef = A1C329192B144C17009D98FD /* FirebasePerformance */; };
		A1C3291C2B144C17009D98FD /* FirebaseRemoteConfig in Frameworks */ = {isa = PBXBuildFile; productRef = A1C3291B2B144C17009D98FD /* FirebaseRemoteConfig */; };
		A1C3291E2B144C17009D98FD /* FirebaseRemoteConfigSwift in Frameworks */ = {isa = PBXBuildFile; productRef = A1C3291D2B144C17009D98FD /* FirebaseRemoteConfigSwift */; };
		A1C329202B144C17009D98FD /* FirebaseStorage in Frameworks */ = {isa = PBXBuildFile; productRef = A1C3291F2B144C17009D98FD /* FirebaseStorage */; };
		A1C329222B144C17009D98FD /* FirebaseStorageCombine-Community in Frameworks */ = {isa = PBXBuildFile; productRef = A1C329212B144C17009D98FD /* FirebaseStorageCombine-Community */; };
		A1C329252B144C30009D98FD /* Kingfisher in Frameworks */ = {isa = PBXBuildFile; productRef = A1C329242B144C30009D98FD /* Kingfisher */; };
		A1C329272B1456E0009D98FD /* Timestamp.swift in Sources */ = {isa = PBXBuildFile; fileRef = A1C329262B1456E0009D98FD /* Timestamp.swift */; };
		A1C3292A2B1458DE009D98FD /* Constants.swift in Sources */ = {isa = PBXBuildFile; fileRef = A1C329292B1458DE009D98FD /* Constants.swift */; };
		A1C3292C2B146A1C009D98FD /* ProfileViewModel.swift in Sources */ = {isa = PBXBuildFile; fileRef = A1C3292B2B146A1C009D98FD /* ProfileViewModel.swift */; };
		A1C44C6E2AFCABD100EB5828 /* Instagram_Clone_AppApp.swift in Sources */ = {isa = PBXBuildFile; fileRef = A1C44C6D2AFCABD100EB5828 /* Instagram_Clone_AppApp.swift */; };
		A1C44C702AFCABD100EB5828 /* ContentView.swift in Sources */ = {isa = PBXBuildFile; fileRef = A1C44C6F2AFCABD100EB5828 /* ContentView.swift */; };
		A1C44C722AFCABD200EB5828 /* Assets.xcassets in Resources */ = {isa = PBXBuildFile; fileRef = A1C44C712AFCABD200EB5828 /* Assets.xcassets */; };
		A1C44C752AFCABD200EB5828 /* Preview Assets.xcassets in Resources */ = {isa = PBXBuildFile; fileRef = A1C44C742AFCABD200EB5828 /* Preview Assets.xcassets */; };
		A1C44C882AFCACF800EB5828 /* MainTabView.swift in Sources */ = {isa = PBXBuildFile; fileRef = A1C44C872AFCACF800EB5828 /* MainTabView.swift */; };
		A1C44C8A2AFCAE0B00EB5828 /* ProfileView.swift in Sources */ = {isa = PBXBuildFile; fileRef = A1C44C892AFCAE0B00EB5828 /* ProfileView.swift */; };
		A1C44C8D2AFCB35300EB5828 /* UserStatView.swift in Sources */ = {isa = PBXBuildFile; fileRef = A1C44C8C2AFCB35200EB5828 /* UserStatView.swift */; };
		A1C44C8F2AFCB95300EB5828 /* FeedView.swift in Sources */ = {isa = PBXBuildFile; fileRef = A1C44C8E2AFCB95300EB5828 /* FeedView.swift */; };
		A1C44C912AFCB95A00EB5828 /* FeedCell.swift in Sources */ = {isa = PBXBuildFile; fileRef = A1C44C902AFCB95A00EB5828 /* FeedCell.swift */; };
		A1C44C932AFDEEEE00EB5828 /* SearchView.swift in Sources */ = {isa = PBXBuildFile; fileRef = A1C44C922AFDEEEE00EB5828 /* SearchView.swift */; };
		A1C44C952AFDF50D00EB5828 /* LoginView.swift in Sources */ = {isa = PBXBuildFile; fileRef = A1C44C942AFDF50D00EB5828 /* LoginView.swift */; };
		A1C44C972AFDFD1A00EB5828 /* AddEmailView.swift in Sources */ = {isa = PBXBuildFile; fileRef = A1C44C962AFDFD1A00EB5828 /* AddEmailView.swift */; };
		A1C44C992B0048C200EB5828 /* TextFieldModifier.swift in Sources */ = {isa = PBXBuildFile; fileRef = A1C44C982B0048C200EB5828 /* TextFieldModifier.swift */; };
		A1C44C9B2B004AAE00EB5828 /* CreateUsernameView.swift in Sources */ = {isa = PBXBuildFile; fileRef = A1C44C9A2B004AAE00EB5828 /* CreateUsernameView.swift */; };
		A1C44C9D2B004EAF00EB5828 /* CreatePasswordView.swift in Sources */ = {isa = PBXBuildFile; fileRef = A1C44C9C2B004EAF00EB5828 /* CreatePasswordView.swift */; };
		A1C44C9F2B004FC300EB5828 /* CompleteSignUpView.swift in Sources */ = {isa = PBXBuildFile; fileRef = A1C44C9E2B004FC300EB5828 /* CompleteSignUpView.swift */; };
		A1C44CA12B00574600EB5828 /* User.swift in Sources */ = {isa = PBXBuildFile; fileRef = A1C44CA02B00574600EB5828 /* User.swift */; };
		A1C44CA32B00602800EB5828 /* CurrentUserProfileView.swift in Sources */ = {isa = PBXBuildFile; fileRef = A1C44CA22B00602800EB5828 /* CurrentUserProfileView.swift */; };
		A1D203652B0074BC0019A551 /* Post.swift in Sources */ = {isa = PBXBuildFile; fileRef = A1D203642B0074BC0019A551 /* Post.swift */; };
		A1D203672B007DFD0019A551 /* PostGridView.swift in Sources */ = {isa = PBXBuildFile; fileRef = A1D203662B007DFD0019A551 /* PostGridView.swift */; };
		A1D203692B0080CC0019A551 /* ProfileHeaderView.swift in Sources */ = {isa = PBXBuildFile; fileRef = A1D203682B0080CC0019A551 /* ProfileHeaderView.swift */; };
		A1D2036B2B0084790019A551 /* UploadPostView.swift in Sources */ = {isa = PBXBuildFile; fileRef = A1D2036A2B0084790019A551 /* UploadPostView.swift */; };
		A1F032792B008FBE00659946 /* UploadPostViewModel.swift in Sources */ = {isa = PBXBuildFile; fileRef = A1F032782B008FBE00659946 /* UploadPostViewModel.swift */; };
		A1F032B62B01A0A400659946 /* AuthService.swift in Sources */ = {isa = PBXBuildFile; fileRef = A1F032B52B01A0A300659946 /* AuthService.swift */; };
		A1F032BA2B01A2FE00659946 /* ContentViewModel.swift in Sources */ = {isa = PBXBuildFile; fileRef = A1F032B92B01A2FE00659946 /* ContentViewModel.swift */; };
		A1F032BD2B01AE6300659946 /* RegistrationViewModel.swift in Sources */ = {isa = PBXBuildFile; fileRef = A1F032BC2B01AE6200659946 /* RegistrationViewModel.swift */; };
		A1F176602B10748A00FB7A8B /* CommentsView.swift in Sources */ = {isa = PBXBuildFile; fileRef = A1F1765F2B10748A00FB7A8B /* CommentsView.swift */; };
		A1F176622B10749300FB7A8B /* CommentsCell.swift in Sources */ = {isa = PBXBuildFile; fileRef = A1F176612B10749300FB7A8B /* CommentsCell.swift */; };
		A1F176642B11CE9800FB7A8B /* Comment.swift in Sources */ = {isa = PBXBuildFile; fileRef = A1F176632B11CE9800FB7A8B /* Comment.swift */; };
		A1F176662B11D15300FB7A8B /* CommentService.swift in Sources */ = {isa = PBXBuildFile; fileRef = A1F176652B11D15300FB7A8B /* CommentService.swift */; };
		A1F176682B11D15A00FB7A8B /* CommentViewModel.swift in Sources */ = {isa = PBXBuildFile; fileRef = A1F176672B11D15A00FB7A8B /* CommentViewModel.swift */; };
		A1F176CF2B12B6BA00FB7A8B /* DeveloperPreview.swift in Sources */ = {isa = PBXBuildFile; fileRef = A1F176CE2B12B6BA00FB7A8B /* DeveloperPreview.swift */; };
/* End PBXBuildFile section */

/* Begin PBXFileReference section */
		A10164502B0ABEFD000FDF55 /* ImageUploader.swift */ = {isa = PBXFileReference; lastKnownFileType = sourcecode.swift; path = ImageUploader.swift; sourceTree = "<group>"; };
		A10164552B0AC5C6000FDF55 /* CircularProfileImageView.swift */ = {isa = PBXFileReference; lastKnownFileType = sourcecode.swift; path = CircularProfileImageView.swift; sourceTree = "<group>"; };
		A101645B2B0D9998000FDF55 /* FeedViewViewModel.swift */ = {isa = PBXFileReference; lastKnownFileType = sourcecode.swift; path = FeedViewViewModel.swift; sourceTree = "<group>"; };
		A101645D2B0DA6FE000FDF55 /* PostService.swift */ = {isa = PBXFileReference; lastKnownFileType = sourcecode.swift; path = PostService.swift; sourceTree = "<group>"; };
		A10164632B0DAC48000FDF55 /* PostGridViewModel.swift */ = {isa = PBXFileReference; lastKnownFileType = sourcecode.swift; path = PostGridViewModel.swift; sourceTree = "<group>"; };
		A10164652B0EFF2C000FDF55 /* FeedCellViewModel.swift */ = {isa = PBXFileReference; lastKnownFileType = sourcecode.swift; path = FeedCellViewModel.swift; sourceTree = "<group>"; };
		A101B1542B01C8FD00C4962E /* LoginViewModel.swift */ = {isa = PBXFileReference; lastKnownFileType = sourcecode.swift; path = LoginViewModel.swift; sourceTree = "<group>"; };
		A101B1562B02FF7E00C4962E /* UserService.swift */ = {isa = PBXFileReference; lastKnownFileType = sourcecode.swift; path = UserService.swift; sourceTree = "<group>"; };
		A101B15A2B03008800C4962E /* SearchViewModel.swift */ = {isa = PBXFileReference; lastKnownFileType = sourcecode.swift; path = SearchViewModel.swift; sourceTree = "<group>"; };
		A101B15C2B0481FE00C4962E /* EditProfileView.swift */ = {isa = PBXFileReference; lastKnownFileType = sourcecode.swift; path = EditProfileView.swift; sourceTree = "<group>"; };
		A101B1602B05E09500C4962E /* EditProfileViewModel.swift */ = {isa = PBXFileReference; lastKnownFileType = sourcecode.swift; path = EditProfileViewModel.swift; sourceTree = "<group>"; };
		A1C328EA2B144BC2009D98FD /* GoogleService-Info.plist */ = {isa = PBXFileReference; fileEncoding = 4; lastKnownFileType = text.plist.xml; path = "GoogleService-Info.plist"; sourceTree = "<group>"; };
		A1C329262B1456E0009D98FD /* Timestamp.swift */ = {isa = PBXFileReference; lastKnownFileType = sourcecode.swift; path = Timestamp.swift; sourceTree = "<group>"; };
		A1C329292B1458DE009D98FD /* Constants.swift */ = {isa = PBXFileReference; lastKnownFileType = sourcecode.swift; path = Constants.swift; sourceTree = "<group>"; };
		A1C3292B2B146A1C009D98FD /* ProfileViewModel.swift */ = {isa = PBXFileReference; lastKnownFileType = sourcecode.swift; path = ProfileViewModel.swift; sourceTree = "<group>"; };
		A1C44C6A2AFCABD100EB5828 /* Instagram Clone App.app */ = {isa = PBXFileReference; explicitFileType = wrapper.application; includeInIndex = 0; path = "Instagram Clone App.app"; sourceTree = BUILT_PRODUCTS_DIR; };
		A1C44C6D2AFCABD100EB5828 /* Instagram_Clone_AppApp.swift */ = {isa = PBXFileReference; lastKnownFileType = sourcecode.swift; path = Instagram_Clone_AppApp.swift; sourceTree = "<group>"; };
		A1C44C6F2AFCABD100EB5828 /* ContentView.swift */ = {isa = PBXFileReference; lastKnownFileType = sourcecode.swift; path = ContentView.swift; sourceTree = "<group>"; };
		A1C44C712AFCABD200EB5828 /* Assets.xcassets */ = {isa = PBXFileReference; lastKnownFileType = folder.assetcatalog; path = Assets.xcassets; sourceTree = "<group>"; };
		A1C44C742AFCABD200EB5828 /* Preview Assets.xcassets */ = {isa = PBXFileReference; lastKnownFileType = folder.assetcatalog; path = "Preview Assets.xcassets"; sourceTree = "<group>"; };
		A1C44C872AFCACF800EB5828 /* MainTabView.swift */ = {isa = PBXFileReference; lastKnownFileType = sourcecode.swift; path = MainTabView.swift; sourceTree = "<group>"; };
		A1C44C892AFCAE0B00EB5828 /* ProfileView.swift */ = {isa = PBXFileReference; lastKnownFileType = sourcecode.swift; path = ProfileView.swift; sourceTree = "<group>"; };
		A1C44C8C2AFCB35200EB5828 /* UserStatView.swift */ = {isa = PBXFileReference; lastKnownFileType = sourcecode.swift; path = UserStatView.swift; sourceTree = "<group>"; };
		A1C44C8E2AFCB95300EB5828 /* FeedView.swift */ = {isa = PBXFileReference; lastKnownFileType = sourcecode.swift; path = FeedView.swift; sourceTree = "<group>"; };
		A1C44C902AFCB95A00EB5828 /* FeedCell.swift */ = {isa = PBXFileReference; lastKnownFileType = sourcecode.swift; path = FeedCell.swift; sourceTree = "<group>"; };
		A1C44C922AFDEEEE00EB5828 /* SearchView.swift */ = {isa = PBXFileReference; lastKnownFileType = sourcecode.swift; path = SearchView.swift; sourceTree = "<group>"; };
		A1C44C942AFDF50D00EB5828 /* LoginView.swift */ = {isa = PBXFileReference; lastKnownFileType = sourcecode.swift; path = LoginView.swift; sourceTree = "<group>"; };
		A1C44C962AFDFD1A00EB5828 /* AddEmailView.swift */ = {isa = PBXFileReference; lastKnownFileType = sourcecode.swift; path = AddEmailView.swift; sourceTree = "<group>"; };
		A1C44C982B0048C200EB5828 /* TextFieldModifier.swift */ = {isa = PBXFileReference; lastKnownFileType = sourcecode.swift; path = TextFieldModifier.swift; sourceTree = "<group>"; };
		A1C44C9A2B004AAE00EB5828 /* CreateUsernameView.swift */ = {isa = PBXFileReference; lastKnownFileType = sourcecode.swift; path = CreateUsernameView.swift; sourceTree = "<group>"; };
		A1C44C9C2B004EAF00EB5828 /* CreatePasswordView.swift */ = {isa = PBXFileReference; lastKnownFileType = sourcecode.swift; path = CreatePasswordView.swift; sourceTree = "<group>"; };
		A1C44C9E2B004FC300EB5828 /* CompleteSignUpView.swift */ = {isa = PBXFileReference; lastKnownFileType = sourcecode.swift; path = CompleteSignUpView.swift; sourceTree = "<group>"; };
		A1C44CA02B00574600EB5828 /* User.swift */ = {isa = PBXFileReference; lastKnownFileType = sourcecode.swift; path = User.swift; sourceTree = "<group>"; };
		A1C44CA22B00602800EB5828 /* CurrentUserProfileView.swift */ = {isa = PBXFileReference; lastKnownFileType = sourcecode.swift; path = CurrentUserProfileView.swift; sourceTree = "<group>"; };
		A1D203642B0074BC0019A551 /* Post.swift */ = {isa = PBXFileReference; lastKnownFileType = sourcecode.swift; path = Post.swift; sourceTree = "<group>"; };
		A1D203662B007DFD0019A551 /* PostGridView.swift */ = {isa = PBXFileReference; lastKnownFileType = sourcecode.swift; path = PostGridView.swift; sourceTree = "<group>"; };
		A1D203682B0080CC0019A551 /* ProfileHeaderView.swift */ = {isa = PBXFileReference; lastKnownFileType = sourcecode.swift; path = ProfileHeaderView.swift; sourceTree = "<group>"; };
		A1D2036A2B0084790019A551 /* UploadPostView.swift */ = {isa = PBXFileReference; lastKnownFileType = sourcecode.swift; path = UploadPostView.swift; sourceTree = "<group>"; };
		A1F032782B008FBE00659946 /* UploadPostViewModel.swift */ = {isa = PBXFileReference; lastKnownFileType = sourcecode.swift; path = UploadPostViewModel.swift; sourceTree = "<group>"; };
		A1F032B52B01A0A300659946 /* AuthService.swift */ = {isa = PBXFileReference; lastKnownFileType = sourcecode.swift; path = AuthService.swift; sourceTree = "<group>"; };
		A1F032B92B01A2FE00659946 /* ContentViewModel.swift */ = {isa = PBXFileReference; lastKnownFileType = sourcecode.swift; path = ContentViewModel.swift; sourceTree = "<group>"; };
		A1F032BC2B01AE6200659946 /* RegistrationViewModel.swift */ = {isa = PBXFileReference; lastKnownFileType = sourcecode.swift; path = RegistrationViewModel.swift; sourceTree = "<group>"; };
		A1F1765F2B10748A00FB7A8B /* CommentsView.swift */ = {isa = PBXFileReference; lastKnownFileType = sourcecode.swift; path = CommentsView.swift; sourceTree = "<group>"; };
		A1F176612B10749300FB7A8B /* CommentsCell.swift */ = {isa = PBXFileReference; lastKnownFileType = sourcecode.swift; path = CommentsCell.swift; sourceTree = "<group>"; };
		A1F176632B11CE9800FB7A8B /* Comment.swift */ = {isa = PBXFileReference; lastKnownFileType = sourcecode.swift; path = Comment.swift; sourceTree = "<group>"; };
		A1F176652B11D15300FB7A8B /* CommentService.swift */ = {isa = PBXFileReference; lastKnownFileType = sourcecode.swift; path = CommentService.swift; sourceTree = "<group>"; };
		A1F176672B11D15A00FB7A8B /* CommentViewModel.swift */ = {isa = PBXFileReference; lastKnownFileType = sourcecode.swift; path = CommentViewModel.swift; sourceTree = "<group>"; };
		A1F176CE2B12B6BA00FB7A8B /* DeveloperPreview.swift */ = {isa = PBXFileReference; lastKnownFileType = sourcecode.swift; path = DeveloperPreview.swift; sourceTree = "<group>"; };
/* End PBXFileReference section */

/* Begin PBXFrameworksBuildPhase section */
		A1C44C672AFCABD100EB5828 /* Frameworks */ = {
			isa = PBXFrameworksBuildPhase;
			buildActionMask = 2147483647;
			files = (
				A1C329002B144C17009D98FD /* FirebaseDatabase in Frameworks */,
				A1C3290E2B144C17009D98FD /* FirebaseFunctionsCombine-Community in Frameworks */,
				A1C329062B144C17009D98FD /* FirebaseFirestore in Frameworks */,
				A1C328F22B144C17009D98FD /* FirebaseAnalyticsSwift in Frameworks */,
				A1C328EE2B144C17009D98FD /* FirebaseAnalytics in Frameworks */,
				A1C328F02B144C17009D98FD /* FirebaseAnalyticsOnDeviceConversion in Frameworks */,
				A1C329162B144C17009D98FD /* FirebaseMLModelDownloader in Frameworks */,
				A1C3290A2B144C17009D98FD /* FirebaseFirestoreSwift in Frameworks */,
				A1C328F62B144C17009D98FD /* FirebaseAppCheck in Frameworks */,
				A1C328F42B144C17009D98FD /* FirebaseAnalyticsWithoutAdIdSupport in Frameworks */,
				A1C328FA2B144C17009D98FD /* FirebaseAuth in Frameworks */,
				A1C328FE2B144C17009D98FD /* FirebaseCrashlytics in Frameworks */,
				A1C3291E2B144C17009D98FD /* FirebaseRemoteConfigSwift in Frameworks */,
				A1C329102B144C17009D98FD /* FirebaseInAppMessaging-Beta in Frameworks */,
				A1C329022B144C17009D98FD /* FirebaseDatabaseSwift in Frameworks */,
				A1C3290C2B144C17009D98FD /* FirebaseFunctions in Frameworks */,
				A1C329252B144C30009D98FD /* Kingfisher in Frameworks */,
				A1C329222B144C17009D98FD /* FirebaseStorageCombine-Community in Frameworks */,
				A1C3291C2B144C17009D98FD /* FirebaseRemoteConfig in Frameworks */,
				A1C328F82B144C17009D98FD /* FirebaseAppDistribution-Beta in Frameworks */,
				A1C328FC2B144C17009D98FD /* FirebaseAuthCombine-Community in Frameworks */,
				A1C3291A2B144C17009D98FD /* FirebasePerformance in Frameworks */,
				A1C329122B144C17009D98FD /* FirebaseInAppMessagingSwift-Beta in Frameworks */,
				A1C329202B144C17009D98FD /* FirebaseStorage in Frameworks */,
				A1C329042B144C17009D98FD /* FirebaseDynamicLinks in Frameworks */,
				A1C329082B144C17009D98FD /* FirebaseFirestoreCombine-Community in Frameworks */,
				A1C329182B144C17009D98FD /* FirebaseMessaging in Frameworks */,
				A1C329142B144C17009D98FD /* FirebaseInstallations in Frameworks */,
			);
			runOnlyForDeploymentPostprocessing = 0;
		};
/* End PBXFrameworksBuildPhase section */

/* Begin PBXGroup section */
		A101644D2B072140000FDF55 /* Frameworks */ = {
			isa = PBXGroup;
			children = (
			);
			name = Frameworks;
			sourceTree = "<group>";
		};
		A10164572B0ADB38000FDF55 /* View */ = {
			isa = PBXGroup;
			children = (
				A1D2036A2B0084790019A551 /* UploadPostView.swift */,
			);
			path = View;
			sourceTree = "<group>";
		};
		A10164582B0ADB3B000FDF55 /* ViewModel */ = {
			isa = PBXGroup;
			children = (
				A1F032782B008FBE00659946 /* UploadPostViewModel.swift */,
			);
			path = ViewModel;
			sourceTree = "<group>";
		};
		A10164592B0D9968000FDF55 /* ViewModel */ = {
			isa = PBXGroup;
			children = (
				A101645B2B0D9998000FDF55 /* FeedViewViewModel.swift */,
				A10164652B0EFF2C000FDF55 /* FeedCellViewModel.swift */,
			);
			path = ViewModel;
			sourceTree = "<group>";
		};
		A101645A2B0D996D000FDF55 /* View */ = {
			isa = PBXGroup;
			children = (
				A1C44C8E2AFCB95300EB5828 /* FeedView.swift */,
				A1C44C902AFCB95A00EB5828 /* FeedCell.swift */,
			);
			path = View;
			sourceTree = "<group>";
		};
		A101645F2B0DAC04000FDF55 /* View */ = {
			isa = PBXGroup;
			children = (
				A1C44C8C2AFCB35200EB5828 /* UserStatView.swift */,
				A1D203662B007DFD0019A551 /* PostGridView.swift */,
				A1D203682B0080CC0019A551 /* ProfileHeaderView.swift */,
				A10164552B0AC5C6000FDF55 /* CircularProfileImageView.swift */,
				A1C44C982B0048C200EB5828 /* TextFieldModifier.swift */,
			);
			path = View;
			sourceTree = "<group>";
		};
		A10164602B0DAC06000FDF55 /* ViewModel */ = {
			isa = PBXGroup;
			children = (
				A10164632B0DAC48000FDF55 /* PostGridViewModel.swift */,
			);
			path = ViewModel;
			sourceTree = "<group>";
		};
		A101B1582B03005A00C4962E /* View */ = {
			isa = PBXGroup;
			children = (
				A1C44C922AFDEEEE00EB5828 /* SearchView.swift */,
			);
			path = View;
			sourceTree = "<group>";
		};
		A101B1592B03005D00C4962E /* ViewModel */ = {
			isa = PBXGroup;
			children = (
				A101B15A2B03008800C4962E /* SearchViewModel.swift */,
			);
			path = ViewModel;
			sourceTree = "<group>";
		};
		A101B15E2B05E07A00C4962E /* View */ = {
			isa = PBXGroup;
			children = (
				A1C44C892AFCAE0B00EB5828 /* ProfileView.swift */,
				A1C44CA22B00602800EB5828 /* CurrentUserProfileView.swift */,
				A101B15C2B0481FE00C4962E /* EditProfileView.swift */,
			);
			path = View;
			sourceTree = "<group>";
		};
		A101B15F2B05E07E00C4962E /* ViewModel */ = {
			isa = PBXGroup;
			children = (
				A101B1602B05E09500C4962E /* EditProfileViewModel.swift */,
				A1C3292B2B146A1C009D98FD /* ProfileViewModel.swift */,
			);
			path = ViewModel;
			sourceTree = "<group>";
		};
		A1C329282B14588D009D98FD /* Utilities */ = {
			isa = PBXGroup;
			children = (
				A1C329292B1458DE009D98FD /* Constants.swift */,
			);
			path = Utilities;
			sourceTree = "<group>";
		};
		A1C44C612AFCABD000EB5828 = {
			isa = PBXGroup;
			children = (
				A1C44C6C2AFCABD100EB5828 /* Instagram Clone App */,
				A1C328EA2B144BC2009D98FD /* GoogleService-Info.plist */,
				A1C44C6B2AFCABD100EB5828 /* Products */,
				A101644D2B072140000FDF55 /* Frameworks */,
			);
			sourceTree = "<group>";
		};
		A1C44C6B2AFCABD100EB5828 /* Products */ = {
			isa = PBXGroup;
			children = (
				A1C44C6A2AFCABD100EB5828 /* Instagram Clone App.app */,
			);
			name = Products;
			sourceTree = "<group>";
		};
		A1C44C6C2AFCABD100EB5828 /* Instagram Clone App */ = {
			isa = PBXGroup;
			children = (
				A1C44C7F2AFCABF900EB5828 /* App */,
				A1C44C7E2AFCABF700EB5828 /* Core */,
				A1C44C7D2AFCABF600EB5828 /* Extensions */,
				A1C44C7C2AFCABF500EB5828 /* Model */,
				A1C44C7B2AFCABF200EB5828 /* Services */,
				A1C329282B14588D009D98FD /* Utilities */,
				A1C44C712AFCABD200EB5828 /* Assets.xcassets */,
				A1C44C732AFCABD200EB5828 /* Preview Content */,
			);
			path = "Instagram Clone App";
			sourceTree = "<group>";
		};
		A1C44C732AFCABD200EB5828 /* Preview Content */ = {
			isa = PBXGroup;
			children = (
				A1C44C742AFCABD200EB5828 /* Preview Assets.xcassets */,
			);
			path = "Preview Content";
			sourceTree = "<group>";
		};
		A1C44C7B2AFCABF200EB5828 /* Services */ = {
			isa = PBXGroup;
			children = (
				A101B1562B02FF7E00C4962E /* UserService.swift */,
				A10164502B0ABEFD000FDF55 /* ImageUploader.swift */,
				A101645D2B0DA6FE000FDF55 /* PostService.swift */,
			);
			path = Services;
			sourceTree = "<group>";
		};
		A1C44C7C2AFCABF500EB5828 /* Model */ = {
			isa = PBXGroup;
			children = (
				A1C44CA02B00574600EB5828 /* User.swift */,
				A1D203642B0074BC0019A551 /* Post.swift */,
			);
			path = Model;
			sourceTree = "<group>";
		};
		A1C44C7D2AFCABF600EB5828 /* Extensions */ = {
			isa = PBXGroup;
			children = (
				A1F176CE2B12B6BA00FB7A8B /* DeveloperPreview.swift */,
				A1C329262B1456E0009D98FD /* Timestamp.swift */,
			);
			path = Extensions;
			sourceTree = "<group>";
		};
		A1C44C7E2AFCABF700EB5828 /* Core */ = {
			isa = PBXGroup;
			children = (
				A1C44C802AFCAC4100EB5828 /* Authentication */,
				A1F1765A2B1073E200FB7A8B /* Comments */,
				A1C44C8B2AFCB34800EB5828 /* Components */,
				A1C44C812AFCAC4F00EB5828 /* Feed */,
				A1C44C822AFCAC5600EB5828 /* Profile */,
				A1C44C832AFCAC5C00EB5828 /* Root */,
				A1C44C842AFCAC6B00EB5828 /* Search */,
				A1C44C862AFCAC9500EB5828 /* TabBar */,
				A1C44C852AFCAC9300EB5828 /* UploadPost */,
			);
			path = Core;
			sourceTree = "<group>";
		};
		A1C44C7F2AFCABF900EB5828 /* App */ = {
			isa = PBXGroup;
			children = (
				A1C44C6D2AFCABD100EB5828 /* Instagram_Clone_AppApp.swift */,
			);
			path = App;
			sourceTree = "<group>";
		};
		A1C44C802AFCAC4100EB5828 /* Authentication */ = {
			isa = PBXGroup;
			children = (
				A1F032BB2B01AE4800659946 /* ViewModel */,
				A1F032B42B01A08400659946 /* Service */,
				A1F032B32B01A05B00659946 /* View */,
			);
			path = Authentication;
			sourceTree = "<group>";
		};
		A1C44C812AFCAC4F00EB5828 /* Feed */ = {
			isa = PBXGroup;
			children = (
				A101645A2B0D996D000FDF55 /* View */,
				A10164592B0D9968000FDF55 /* ViewModel */,
			);
			path = Feed;
			sourceTree = "<group>";
		};
		A1C44C822AFCAC5600EB5828 /* Profile */ = {
			isa = PBXGroup;
			children = (
				A101B15F2B05E07E00C4962E /* ViewModel */,
				A101B15E2B05E07A00C4962E /* View */,
			);
			path = Profile;
			sourceTree = "<group>";
		};
		A1C44C832AFCAC5C00EB5828 /* Root */ = {
			isa = PBXGroup;
			children = (
				A1F032B82B01A2D600659946 /* ViewModel */,
				A1F032B72B01A2D300659946 /* View */,
			);
			path = Root;
			sourceTree = "<group>";
		};
		A1C44C842AFCAC6B00EB5828 /* Search */ = {
			isa = PBXGroup;
			children = (
				A101B1592B03005D00C4962E /* ViewModel */,
				A101B1582B03005A00C4962E /* View */,
			);
			path = Search;
			sourceTree = "<group>";
		};
		A1C44C852AFCAC9300EB5828 /* UploadPost */ = {
			isa = PBXGroup;
			children = (
				A10164582B0ADB3B000FDF55 /* ViewModel */,
				A10164572B0ADB38000FDF55 /* View */,
			);
			path = UploadPost;
			sourceTree = "<group>";
		};
		A1C44C862AFCAC9500EB5828 /* TabBar */ = {
			isa = PBXGroup;
			children = (
				A1C44C872AFCACF800EB5828 /* MainTabView.swift */,
			);
			path = TabBar;
			sourceTree = "<group>";
		};
		A1C44C8B2AFCB34800EB5828 /* Components */ = {
			isa = PBXGroup;
			children = (
				A10164602B0DAC06000FDF55 /* ViewModel */,
				A101645F2B0DAC04000FDF55 /* View */,
			);
			path = Components;
			sourceTree = "<group>";
		};
		A1F032B32B01A05B00659946 /* View */ = {
			isa = PBXGroup;
			children = (
				A1C44C942AFDF50D00EB5828 /* LoginView.swift */,
				A1C44C962AFDFD1A00EB5828 /* AddEmailView.swift */,
				A1C44C9A2B004AAE00EB5828 /* CreateUsernameView.swift */,
				A1C44C9C2B004EAF00EB5828 /* CreatePasswordView.swift */,
				A1C44C9E2B004FC300EB5828 /* CompleteSignUpView.swift */,
			);
			path = View;
			sourceTree = "<group>";
		};
		A1F032B42B01A08400659946 /* Service */ = {
			isa = PBXGroup;
			children = (
				A1F032B52B01A0A300659946 /* AuthService.swift */,
			);
			path = Service;
			sourceTree = "<group>";
		};
		A1F032B72B01A2D300659946 /* View */ = {
			isa = PBXGroup;
			children = (
				A1C44C6F2AFCABD100EB5828 /* ContentView.swift */,
			);
			path = View;
			sourceTree = "<group>";
		};
		A1F032B82B01A2D600659946 /* ViewModel */ = {
			isa = PBXGroup;
			children = (
				A1F032B92B01A2FE00659946 /* ContentViewModel.swift */,
			);
			path = ViewModel;
			sourceTree = "<group>";
		};
		A1F032BB2B01AE4800659946 /* ViewModel */ = {
			isa = PBXGroup;
			children = (
				A1F032BC2B01AE6200659946 /* RegistrationViewModel.swift */,
				A101B1542B01C8FD00C4962E /* LoginViewModel.swift */,
			);
			path = ViewModel;
			sourceTree = "<group>";
		};
		A1F1765A2B1073E200FB7A8B /* Comments */ = {
			isa = PBXGroup;
			children = (
				A1F1765E2B10746600FB7A8B /* Service */,
				A1F1765D2B10744900FB7A8B /* ViewModel */,
				A1F1765C2B10744400FB7A8B /* View */,
				A1F1765B2B10743C00FB7A8B /* Model */,
			);
			path = Comments;
			sourceTree = "<group>";
		};
		A1F1765B2B10743C00FB7A8B /* Model */ = {
			isa = PBXGroup;
			children = (
				A1F176632B11CE9800FB7A8B /* Comment.swift */,
			);
			path = Model;
			sourceTree = "<group>";
		};
		A1F1765C2B10744400FB7A8B /* View */ = {
			isa = PBXGroup;
			children = (
				A1F1765F2B10748A00FB7A8B /* CommentsView.swift */,
				A1F176612B10749300FB7A8B /* CommentsCell.swift */,
			);
			path = View;
			sourceTree = "<group>";
		};
		A1F1765D2B10744900FB7A8B /* ViewModel */ = {
			isa = PBXGroup;
			children = (
				A1F176672B11D15A00FB7A8B /* CommentViewModel.swift */,
			);
			path = ViewModel;
			sourceTree = "<group>";
		};
		A1F1765E2B10746600FB7A8B /* Service */ = {
			isa = PBXGroup;
			children = (
				A1F176652B11D15300FB7A8B /* CommentService.swift */,
			);
			path = Service;
			sourceTree = "<group>";
		};
/* End PBXGroup section */

/* Begin PBXNativeTarget section */
		A1C44C692AFCABD100EB5828 /* Instagram Clone App */ = {
			isa = PBXNativeTarget;
			buildConfigurationList = A1C44C782AFCABD200EB5828 /* Build configuration list for PBXNativeTarget "Instagram Clone App" */;
			buildPhases = (
				A1C44C662AFCABD100EB5828 /* Sources */,
				A1C44C672AFCABD100EB5828 /* Frameworks */,
				A1C44C682AFCABD100EB5828 /* Resources */,
			);
			buildRules = (
			);
			dependencies = (
			);
			name = "Instagram Clone App";
			packageProductDependencies = (
				A1C328ED2B144C17009D98FD /* FirebaseAnalytics */,
				A1C328EF2B144C17009D98FD /* FirebaseAnalyticsOnDeviceConversion */,
				A1C328F12B144C17009D98FD /* FirebaseAnalyticsSwift */,
				A1C328F32B144C17009D98FD /* FirebaseAnalyticsWithoutAdIdSupport */,
				A1C328F52B144C17009D98FD /* FirebaseAppCheck */,
				A1C328F72B144C17009D98FD /* FirebaseAppDistribution-Beta */,
				A1C328F92B144C17009D98FD /* FirebaseAuth */,
				A1C328FB2B144C17009D98FD /* FirebaseAuthCombine-Community */,
				A1C328FD2B144C17009D98FD /* FirebaseCrashlytics */,
				A1C328FF2B144C17009D98FD /* FirebaseDatabase */,
				A1C329012B144C17009D98FD /* FirebaseDatabaseSwift */,
				A1C329032B144C17009D98FD /* FirebaseDynamicLinks */,
				A1C329052B144C17009D98FD /* FirebaseFirestore */,
				A1C329072B144C17009D98FD /* FirebaseFirestoreCombine-Community */,
				A1C329092B144C17009D98FD /* FirebaseFirestoreSwift */,
				A1C3290B2B144C17009D98FD /* FirebaseFunctions */,
				A1C3290D2B144C17009D98FD /* FirebaseFunctionsCombine-Community */,
				A1C3290F2B144C17009D98FD /* FirebaseInAppMessaging-Beta */,
				A1C329112B144C17009D98FD /* FirebaseInAppMessagingSwift-Beta */,
				A1C329132B144C17009D98FD /* FirebaseInstallations */,
				A1C329152B144C17009D98FD /* FirebaseMLModelDownloader */,
				A1C329172B144C17009D98FD /* FirebaseMessaging */,
				A1C329192B144C17009D98FD /* FirebasePerformance */,
				A1C3291B2B144C17009D98FD /* FirebaseRemoteConfig */,
				A1C3291D2B144C17009D98FD /* FirebaseRemoteConfigSwift */,
				A1C3291F2B144C17009D98FD /* FirebaseStorage */,
				A1C329212B144C17009D98FD /* FirebaseStorageCombine-Community */,
				A1C329242B144C30009D98FD /* Kingfisher */,
			);
			productName = "Instagram Clone App";
			productReference = A1C44C6A2AFCABD100EB5828 /* Instagram Clone App.app */;
			productType = "com.apple.product-type.application";
		};
/* End PBXNativeTarget section */

/* Begin PBXProject section */
		A1C44C622AFCABD000EB5828 /* Project object */ = {
			isa = PBXProject;
			attributes = {
				BuildIndependentTargetsInParallel = 1;
				LastSwiftUpdateCheck = 1500;
				LastUpgradeCheck = 1500;
				TargetAttributes = {
					A1C44C692AFCABD100EB5828 = {
						CreatedOnToolsVersion = 15.0.1;
					};
				};
			};
			buildConfigurationList = A1C44C652AFCABD000EB5828 /* Build configuration list for PBXProject "Instagram Clone App" */;
			compatibilityVersion = "Xcode 14.0";
			developmentRegion = en;
			hasScannedForEncodings = 0;
			knownRegions = (
				en,
				Base,
			);
			mainGroup = A1C44C612AFCABD000EB5828;
			packageReferences = (
				A1C328EC2B144C17009D98FD /* XCRemoteSwiftPackageReference "firebase-ios-sdk" */,
				A1C329232B144C30009D98FD /* XCRemoteSwiftPackageReference "Kingfisher" */,
			);
			productRefGroup = A1C44C6B2AFCABD100EB5828 /* Products */;
			projectDirPath = "";
			projectRoot = "";
			targets = (
				A1C44C692AFCABD100EB5828 /* Instagram Clone App */,
			);
		};
/* End PBXProject section */

/* Begin PBXResourcesBuildPhase section */
		A1C44C682AFCABD100EB5828 /* Resources */ = {
			isa = PBXResourcesBuildPhase;
			buildActionMask = 2147483647;
			files = (
				A1C44C752AFCABD200EB5828 /* Preview Assets.xcassets in Resources */,
				A1C44C722AFCABD200EB5828 /* Assets.xcassets in Resources */,
				A1C328EB2B144BC2009D98FD /* GoogleService-Info.plist in Resources */,
			);
			runOnlyForDeploymentPostprocessing = 0;
		};
/* End PBXResourcesBuildPhase section */

/* Begin PBXSourcesBuildPhase section */
		A1C44C662AFCABD100EB5828 /* Sources */ = {
			isa = PBXSourcesBuildPhase;
			buildActionMask = 2147483647;
			files = (
				A1C329272B1456E0009D98FD /* Timestamp.swift in Sources */,
				A1C44C912AFCB95A00EB5828 /* FeedCell.swift in Sources */,
				A1D2036B2B0084790019A551 /* UploadPostView.swift in Sources */,
				A1F176602B10748A00FB7A8B /* CommentsView.swift in Sources */,
				A1C44C9B2B004AAE00EB5828 /* CreateUsernameView.swift in Sources */,
				A1C44C8A2AFCAE0B00EB5828 /* ProfileView.swift in Sources */,
				A1C44C702AFCABD100EB5828 /* ContentView.swift in Sources */,
				A101B1612B05E09500C4962E /* EditProfileViewModel.swift in Sources */,
				A1C3292A2B1458DE009D98FD /* Constants.swift in Sources */,
				A10164642B0DAC48000FDF55 /* PostGridViewModel.swift in Sources */,
				A1F176682B11D15A00FB7A8B /* CommentViewModel.swift in Sources */,
				A1F032B62B01A0A400659946 /* AuthService.swift in Sources */,
				A101B1572B02FF7E00C4962E /* UserService.swift in Sources */,
				A1D203652B0074BC0019A551 /* Post.swift in Sources */,
				A1C44C952AFDF50D00EB5828 /* LoginView.swift in Sources */,
				A1C44CA32B00602800EB5828 /* CurrentUserProfileView.swift in Sources */,
				A1C44C6E2AFCABD100EB5828 /* Instagram_Clone_AppApp.swift in Sources */,
				A1F176CF2B12B6BA00FB7A8B /* DeveloperPreview.swift in Sources */,
				A1C3292C2B146A1C009D98FD /* ProfileViewModel.swift in Sources */,
				A1D203672B007DFD0019A551 /* PostGridView.swift in Sources */,
				A1C44C972AFDFD1A00EB5828 /* AddEmailView.swift in Sources */,
				A101645C2B0D9998000FDF55 /* FeedViewViewModel.swift in Sources */,
				A10164662B0EFF2C000FDF55 /* FeedCellViewModel.swift in Sources */,
				A1F032BD2B01AE6300659946 /* RegistrationViewModel.swift in Sources */,
				A1F176662B11D15300FB7A8B /* CommentService.swift in Sources */,
				A101645E2B0DA6FE000FDF55 /* PostService.swift in Sources */,
				A101B15D2B0481FE00C4962E /* EditProfileView.swift in Sources */,
				A101B1552B01C8FD00C4962E /* LoginViewModel.swift in Sources */,
				A10164512B0ABEFD000FDF55 /* ImageUploader.swift in Sources */,
				A1F032BA2B01A2FE00659946 /* ContentViewModel.swift in Sources */,
				A1F032792B008FBE00659946 /* UploadPostViewModel.swift in Sources */,
				A1D203692B0080CC0019A551 /* ProfileHeaderView.swift in Sources */,
				A1C44C9F2B004FC300EB5828 /* CompleteSignUpView.swift in Sources */,
				A1C44CA12B00574600EB5828 /* User.swift in Sources */,
				A1C44C932AFDEEEE00EB5828 /* SearchView.swift in Sources */,
				A1F176622B10749300FB7A8B /* CommentsCell.swift in Sources */,
				A1C44C8D2AFCB35300EB5828 /* UserStatView.swift in Sources */,
				A1C44C8F2AFCB95300EB5828 /* FeedView.swift in Sources */,
				A1C44C992B0048C200EB5828 /* TextFieldModifier.swift in Sources */,
				A10164562B0AC5C6000FDF55 /* CircularProfileImageView.swift in Sources */,
				A101B15B2B03008800C4962E /* SearchViewModel.swift in Sources */,
				A1F176642B11CE9800FB7A8B /* Comment.swift in Sources */,
				A1C44C882AFCACF800EB5828 /* MainTabView.swift in Sources */,
				A1C44C9D2B004EAF00EB5828 /* CreatePasswordView.swift in Sources */,
			);
			runOnlyForDeploymentPostprocessing = 0;
		};
/* End PBXSourcesBuildPhase section */

/* Begin XCBuildConfiguration section */
		A1C44C762AFCABD200EB5828 /* Debug */ = {
			isa = XCBuildConfiguration;
			buildSettings = {
				ALWAYS_SEARCH_USER_PATHS = NO;
				ASSETCATALOG_COMPILER_GENERATE_SWIFT_ASSET_SYMBOL_EXTENSIONS = YES;
				CLANG_ANALYZER_NONNULL = YES;
				CLANG_ANALYZER_NUMBER_OBJECT_CONVERSION = YES_AGGRESSIVE;
				CLANG_CXX_LANGUAGE_STANDARD = "gnu++20";
				CLANG_ENABLE_MODULES = YES;
				CLANG_ENABLE_OBJC_ARC = YES;
				CLANG_ENABLE_OBJC_WEAK = YES;
				CLANG_WARN_BLOCK_CAPTURE_AUTORELEASING = YES;
				CLANG_WARN_BOOL_CONVERSION = YES;
				CLANG_WARN_COMMA = YES;
				CLANG_WARN_CONSTANT_CONVERSION = YES;
				CLANG_WARN_DEPRECATED_OBJC_IMPLEMENTATIONS = YES;
				CLANG_WARN_DIRECT_OBJC_ISA_USAGE = YES_ERROR;
				CLANG_WARN_DOCUMENTATION_COMMENTS = YES;
				CLANG_WARN_EMPTY_BODY = YES;
				CLANG_WARN_ENUM_CONVERSION = YES;
				CLANG_WARN_INFINITE_RECURSION = YES;
				CLANG_WARN_INT_CONVERSION = YES;
				CLANG_WARN_NON_LITERAL_NULL_CONVERSION = YES;
				CLANG_WARN_OBJC_IMPLICIT_RETAIN_SELF = YES;
				CLANG_WARN_OBJC_LITERAL_CONVERSION = YES;
				CLANG_WARN_OBJC_ROOT_CLASS = YES_ERROR;
				CLANG_WARN_QUOTED_INCLUDE_IN_FRAMEWORK_HEADER = YES;
				CLANG_WARN_RANGE_LOOP_ANALYSIS = YES;
				CLANG_WARN_STRICT_PROTOTYPES = YES;
				CLANG_WARN_SUSPICIOUS_MOVE = YES;
				CLANG_WARN_UNGUARDED_AVAILABILITY = YES_AGGRESSIVE;
				CLANG_WARN_UNREACHABLE_CODE = YES;
				CLANG_WARN__DUPLICATE_METHOD_MATCH = YES;
				COPY_PHASE_STRIP = NO;
				DEBUG_INFORMATION_FORMAT = dwarf;
				ENABLE_STRICT_OBJC_MSGSEND = YES;
				ENABLE_TESTABILITY = YES;
				ENABLE_USER_SCRIPT_SANDBOXING = YES;
				GCC_C_LANGUAGE_STANDARD = gnu17;
				GCC_DYNAMIC_NO_PIC = NO;
				GCC_NO_COMMON_BLOCKS = YES;
				GCC_OPTIMIZATION_LEVEL = 0;
				GCC_PREPROCESSOR_DEFINITIONS = (
					"DEBUG=1",
					"$(inherited)",
				);
				GCC_WARN_64_TO_32_BIT_CONVERSION = YES;
				GCC_WARN_ABOUT_RETURN_TYPE = YES_ERROR;
				GCC_WARN_UNDECLARED_SELECTOR = YES;
				GCC_WARN_UNINITIALIZED_AUTOS = YES_AGGRESSIVE;
				GCC_WARN_UNUSED_FUNCTION = YES;
				GCC_WARN_UNUSED_VARIABLE = YES;
				IPHONEOS_DEPLOYMENT_TARGET = 17.0;
				LOCALIZATION_PREFERS_STRING_CATALOGS = YES;
				MTL_ENABLE_DEBUG_INFO = INCLUDE_SOURCE;
				MTL_FAST_MATH = YES;
				ONLY_ACTIVE_ARCH = YES;
				SDKROOT = iphoneos;
				SWIFT_ACTIVE_COMPILATION_CONDITIONS = "DEBUG $(inherited)";
				SWIFT_OPTIMIZATION_LEVEL = "-Onone";
			};
			name = Debug;
		};
		A1C44C772AFCABD200EB5828 /* Release */ = {
			isa = XCBuildConfiguration;
			buildSettings = {
				ALWAYS_SEARCH_USER_PATHS = NO;
				ASSETCATALOG_COMPILER_GENERATE_SWIFT_ASSET_SYMBOL_EXTENSIONS = YES;
				CLANG_ANALYZER_NONNULL = YES;
				CLANG_ANALYZER_NUMBER_OBJECT_CONVERSION = YES_AGGRESSIVE;
				CLANG_CXX_LANGUAGE_STANDARD = "gnu++20";
				CLANG_ENABLE_MODULES = YES;
				CLANG_ENABLE_OBJC_ARC = YES;
				CLANG_ENABLE_OBJC_WEAK = YES;
				CLANG_WARN_BLOCK_CAPTURE_AUTORELEASING = YES;
				CLANG_WARN_BOOL_CONVERSION = YES;
				CLANG_WARN_COMMA = YES;
				CLANG_WARN_CONSTANT_CONVERSION = YES;
				CLANG_WARN_DEPRECATED_OBJC_IMPLEMENTATIONS = YES;
				CLANG_WARN_DIRECT_OBJC_ISA_USAGE = YES_ERROR;
				CLANG_WARN_DOCUMENTATION_COMMENTS = YES;
				CLANG_WARN_EMPTY_BODY = YES;
				CLANG_WARN_ENUM_CONVERSION = YES;
				CLANG_WARN_INFINITE_RECURSION = YES;
				CLANG_WARN_INT_CONVERSION = YES;
				CLANG_WARN_NON_LITERAL_NULL_CONVERSION = YES;
				CLANG_WARN_OBJC_IMPLICIT_RETAIN_SELF = YES;
				CLANG_WARN_OBJC_LITERAL_CONVERSION = YES;
				CLANG_WARN_OBJC_ROOT_CLASS = YES_ERROR;
				CLANG_WARN_QUOTED_INCLUDE_IN_FRAMEWORK_HEADER = YES;
				CLANG_WARN_RANGE_LOOP_ANALYSIS = YES;
				CLANG_WARN_STRICT_PROTOTYPES = YES;
				CLANG_WARN_SUSPICIOUS_MOVE = YES;
				CLANG_WARN_UNGUARDED_AVAILABILITY = YES_AGGRESSIVE;
				CLANG_WARN_UNREACHABLE_CODE = YES;
				CLANG_WARN__DUPLICATE_METHOD_MATCH = YES;
				COPY_PHASE_STRIP = NO;
				DEBUG_INFORMATION_FORMAT = "dwarf-with-dsym";
				ENABLE_NS_ASSERTIONS = NO;
				ENABLE_STRICT_OBJC_MSGSEND = YES;
				ENABLE_USER_SCRIPT_SANDBOXING = YES;
				GCC_C_LANGUAGE_STANDARD = gnu17;
				GCC_NO_COMMON_BLOCKS = YES;
				GCC_WARN_64_TO_32_BIT_CONVERSION = YES;
				GCC_WARN_ABOUT_RETURN_TYPE = YES_ERROR;
				GCC_WARN_UNDECLARED_SELECTOR = YES;
				GCC_WARN_UNINITIALIZED_AUTOS = YES_AGGRESSIVE;
				GCC_WARN_UNUSED_FUNCTION = YES;
				GCC_WARN_UNUSED_VARIABLE = YES;
				IPHONEOS_DEPLOYMENT_TARGET = 17.0;
				LOCALIZATION_PREFERS_STRING_CATALOGS = YES;
				MTL_ENABLE_DEBUG_INFO = NO;
				MTL_FAST_MATH = YES;
				SDKROOT = iphoneos;
				SWIFT_COMPILATION_MODE = wholemodule;
				VALIDATE_PRODUCT = YES;
			};
			name = Release;
		};
		A1C44C792AFCABD200EB5828 /* Debug */ = {
			isa = XCBuildConfiguration;
			buildSettings = {
				ASSETCATALOG_COMPILER_APPICON_NAME = AppIcon;
				ASSETCATALOG_COMPILER_GLOBAL_ACCENT_COLOR_NAME = AccentColor;
				CODE_SIGN_STYLE = Automatic;
				CURRENT_PROJECT_VERSION = 1;
				DEVELOPMENT_ASSET_PATHS = "\"Instagram Clone App/Preview Content\"";
				DEVELOPMENT_TEAM = 3N68N3P5UX;
				ENABLE_PREVIEWS = YES;
				GENERATE_INFOPLIST_FILE = YES;
				INFOPLIST_KEY_UIApplicationSceneManifest_Generation = YES;
				INFOPLIST_KEY_UIApplicationSupportsIndirectInputEvents = YES;
				INFOPLIST_KEY_UILaunchScreen_Generation = YES;
				INFOPLIST_KEY_UISupportedInterfaceOrientations = "UIInterfaceOrientationLandscapeLeft UIInterfaceOrientationLandscapeRight UIInterfaceOrientationPortrait UIInterfaceOrientationPortraitUpsideDown";
				IPHONEOS_DEPLOYMENT_TARGET = 17.0;
				LD_RUNPATH_SEARCH_PATHS = (
					"$(inherited)",
					"@executable_path/Frameworks",
				);
				MARKETING_VERSION = 1.0;
				PRODUCT_BUNDLE_IDENTIFIER = "demirdoven.ikbal.Instagram-Clone-App";
				PRODUCT_NAME = "$(TARGET_NAME)";
				SWIFT_EMIT_LOC_STRINGS = YES;
				SWIFT_VERSION = 5.0;
				TARGETED_DEVICE_FAMILY = "1,2";
			};
			name = Debug;
		};
		A1C44C7A2AFCABD200EB5828 /* Release */ = {
			isa = XCBuildConfiguration;
			buildSettings = {
				ASSETCATALOG_COMPILER_APPICON_NAME = AppIcon;
				ASSETCATALOG_COMPILER_GLOBAL_ACCENT_COLOR_NAME = AccentColor;
				CODE_SIGN_STYLE = Automatic;
				CURRENT_PROJECT_VERSION = 1;
				DEVELOPMENT_ASSET_PATHS = "\"Instagram Clone App/Preview Content\"";
				DEVELOPMENT_TEAM = 3N68N3P5UX;
				ENABLE_PREVIEWS = YES;
				GENERATE_INFOPLIST_FILE = YES;
				INFOPLIST_KEY_UIApplicationSceneManifest_Generation = YES;
				INFOPLIST_KEY_UIApplicationSupportsIndirectInputEvents = YES;
				INFOPLIST_KEY_UILaunchScreen_Generation = YES;
				INFOPLIST_KEY_UISupportedInterfaceOrientations = "UIInterfaceOrientationLandscapeLeft UIInterfaceOrientationLandscapeRight UIInterfaceOrientationPortrait UIInterfaceOrientationPortraitUpsideDown";
				IPHONEOS_DEPLOYMENT_TARGET = 17.0;
				LD_RUNPATH_SEARCH_PATHS = (
					"$(inherited)",
					"@executable_path/Frameworks",
				);
				MARKETING_VERSION = 1.0;
				PRODUCT_BUNDLE_IDENTIFIER = "demirdoven.ikbal.Instagram-Clone-App";
				PRODUCT_NAME = "$(TARGET_NAME)";
				SWIFT_EMIT_LOC_STRINGS = YES;
				SWIFT_VERSION = 5.0;
				TARGETED_DEVICE_FAMILY = "1,2";
			};
			name = Release;
		};
/* End XCBuildConfiguration section */

/* Begin XCConfigurationList section */
		A1C44C652AFCABD000EB5828 /* Build configuration list for PBXProject "Instagram Clone App" */ = {
			isa = XCConfigurationList;
			buildConfigurations = (
				A1C44C762AFCABD200EB5828 /* Debug */,
				A1C44C772AFCABD200EB5828 /* Release */,
			);
			defaultConfigurationIsVisible = 0;
			defaultConfigurationName = Release;
		};
		A1C44C782AFCABD200EB5828 /* Build configuration list for PBXNativeTarget "Instagram Clone App" */ = {
			isa = XCConfigurationList;
			buildConfigurations = (
				A1C44C792AFCABD200EB5828 /* Debug */,
				A1C44C7A2AFCABD200EB5828 /* Release */,
			);
			defaultConfigurationIsVisible = 0;
			defaultConfigurationName = Release;
		};
/* End XCConfigurationList section */

/* Begin XCRemoteSwiftPackageReference section */
		A1C328EC2B144C17009D98FD /* XCRemoteSwiftPackageReference "firebase-ios-sdk" */ = {
			isa = XCRemoteSwiftPackageReference;
			repositoryURL = "https://github.com/firebase/firebase-ios-sdk";
			requirement = {
				kind = upToNextMajorVersion;
				minimumVersion = 10.18.0;
			};
		};
		A1C329232B144C30009D98FD /* XCRemoteSwiftPackageReference "Kingfisher" */ = {
			isa = XCRemoteSwiftPackageReference;
			repositoryURL = "https://github.com/onevcat/Kingfisher.git";
			requirement = {
				kind = upToNextMajorVersion;
				minimumVersion = 7.10.0;
			};
		};
/* End XCRemoteSwiftPackageReference section */

/* Begin XCSwiftPackageProductDependency section */
		A1C328ED2B144C17009D98FD /* FirebaseAnalytics */ = {
			isa = XCSwiftPackageProductDependency;
			package = A1C328EC2B144C17009D98FD /* XCRemoteSwiftPackageReference "firebase-ios-sdk" */;
			productName = FirebaseAnalytics;
		};
		A1C328EF2B144C17009D98FD /* FirebaseAnalyticsOnDeviceConversion */ = {
			isa = XCSwiftPackageProductDependency;
			package = A1C328EC2B144C17009D98FD /* XCRemoteSwiftPackageReference "firebase-ios-sdk" */;
			productName = FirebaseAnalyticsOnDeviceConversion;
		};
		A1C328F12B144C17009D98FD /* FirebaseAnalyticsSwift */ = {
			isa = XCSwiftPackageProductDependency;
			package = A1C328EC2B144C17009D98FD /* XCRemoteSwiftPackageReference "firebase-ios-sdk" */;
			productName = FirebaseAnalyticsSwift;
		};
		A1C328F32B144C17009D98FD /* FirebaseAnalyticsWithoutAdIdSupport */ = {
			isa = XCSwiftPackageProductDependency;
			package = A1C328EC2B144C17009D98FD /* XCRemoteSwiftPackageReference "firebase-ios-sdk" */;
			productName = FirebaseAnalyticsWithoutAdIdSupport;
		};
		A1C328F52B144C17009D98FD /* FirebaseAppCheck */ = {
			isa = XCSwiftPackageProductDependency;
			package = A1C328EC2B144C17009D98FD /* XCRemoteSwiftPackageReference "firebase-ios-sdk" */;
			productName = FirebaseAppCheck;
		};
		A1C328F72B144C17009D98FD /* FirebaseAppDistribution-Beta */ = {
			isa = XCSwiftPackageProductDependency;
			package = A1C328EC2B144C17009D98FD /* XCRemoteSwiftPackageReference "firebase-ios-sdk" */;
			productName = "FirebaseAppDistribution-Beta";
		};
		A1C328F92B144C17009D98FD /* FirebaseAuth */ = {
			isa = XCSwiftPackageProductDependency;
			package = A1C328EC2B144C17009D98FD /* XCRemoteSwiftPackageReference "firebase-ios-sdk" */;
			productName = FirebaseAuth;
		};
		A1C328FB2B144C17009D98FD /* FirebaseAuthCombine-Community */ = {
			isa = XCSwiftPackageProductDependency;
			package = A1C328EC2B144C17009D98FD /* XCRemoteSwiftPackageReference "firebase-ios-sdk" */;
			productName = "FirebaseAuthCombine-Community";
		};
		A1C328FD2B144C17009D98FD /* FirebaseCrashlytics */ = {
			isa = XCSwiftPackageProductDependency;
			package = A1C328EC2B144C17009D98FD /* XCRemoteSwiftPackageReference "firebase-ios-sdk" */;
			productName = FirebaseCrashlytics;
		};
		A1C328FF2B144C17009D98FD /* FirebaseDatabase */ = {
			isa = XCSwiftPackageProductDependency;
			package = A1C328EC2B144C17009D98FD /* XCRemoteSwiftPackageReference "firebase-ios-sdk" */;
			productName = FirebaseDatabase;
		};
		A1C329012B144C17009D98FD /* FirebaseDatabaseSwift */ = {
			isa = XCSwiftPackageProductDependency;
			package = A1C328EC2B144C17009D98FD /* XCRemoteSwiftPackageReference "firebase-ios-sdk" */;
			productName = FirebaseDatabaseSwift;
		};
		A1C329032B144C17009D98FD /* FirebaseDynamicLinks */ = {
			isa = XCSwiftPackageProductDependency;
			package = A1C328EC2B144C17009D98FD /* XCRemoteSwiftPackageReference "firebase-ios-sdk" */;
			productName = FirebaseDynamicLinks;
		};
		A1C329052B144C17009D98FD /* FirebaseFirestore */ = {
			isa = XCSwiftPackageProductDependency;
			package = A1C328EC2B144C17009D98FD /* XCRemoteSwiftPackageReference "firebase-ios-sdk" */;
			productName = FirebaseFirestore;
		};
		A1C329072B144C17009D98FD /* FirebaseFirestoreCombine-Community */ = {
			isa = XCSwiftPackageProductDependency;
			package = A1C328EC2B144C17009D98FD /* XCRemoteSwiftPackageReference "firebase-ios-sdk" */;
			productName = "FirebaseFirestoreCombine-Community";
		};
		A1C329092B144C17009D98FD /* FirebaseFirestoreSwift */ = {
			isa = XCSwiftPackageProductDependency;
			package = A1C328EC2B144C17009D98FD /* XCRemoteSwiftPackageReference "firebase-ios-sdk" */;
			productName = FirebaseFirestoreSwift;
		};
		A1C3290B2B144C17009D98FD /* FirebaseFunctions */ = {
			isa = XCSwiftPackageProductDependency;
			package = A1C328EC2B144C17009D98FD /* XCRemoteSwiftPackageReference "firebase-ios-sdk" */;
			productName = FirebaseFunctions;
		};
		A1C3290D2B144C17009D98FD /* FirebaseFunctionsCombine-Community */ = {
			isa = XCSwiftPackageProductDependency;
			package = A1C328EC2B144C17009D98FD /* XCRemoteSwiftPackageReference "firebase-ios-sdk" */;
			productName = "FirebaseFunctionsCombine-Community";
		};
		A1C3290F2B144C17009D98FD /* FirebaseInAppMessaging-Beta */ = {
			isa = XCSwiftPackageProductDependency;
			package = A1C328EC2B144C17009D98FD /* XCRemoteSwiftPackageReference "firebase-ios-sdk" */;
			productName = "FirebaseInAppMessaging-Beta";
		};
		A1C329112B144C17009D98FD /* FirebaseInAppMessagingSwift-Beta */ = {
			isa = XCSwiftPackageProductDependency;
			package = A1C328EC2B144C17009D98FD /* XCRemoteSwiftPackageReference "firebase-ios-sdk" */;
			productName = "FirebaseInAppMessagingSwift-Beta";
		};
		A1C329132B144C17009D98FD /* FirebaseInstallations */ = {
			isa = XCSwiftPackageProductDependency;
			package = A1C328EC2B144C17009D98FD /* XCRemoteSwiftPackageReference "firebase-ios-sdk" */;
			productName = FirebaseInstallations;
		};
		A1C329152B144C17009D98FD /* FirebaseMLModelDownloader */ = {
			isa = XCSwiftPackageProductDependency;
			package = A1C328EC2B144C17009D98FD /* XCRemoteSwiftPackageReference "firebase-ios-sdk" */;
			productName = FirebaseMLModelDownloader;
		};
		A1C329172B144C17009D98FD /* FirebaseMessaging */ = {
			isa = XCSwiftPackageProductDependency;
			package = A1C328EC2B144C17009D98FD /* XCRemoteSwiftPackageReference "firebase-ios-sdk" */;
			productName = FirebaseMessaging;
		};
		A1C329192B144C17009D98FD /* FirebasePerformance */ = {
			isa = XCSwiftPackageProductDependency;
			package = A1C328EC2B144C17009D98FD /* XCRemoteSwiftPackageReference "firebase-ios-sdk" */;
			productName = FirebasePerformance;
		};
		A1C3291B2B144C17009D98FD /* FirebaseRemoteConfig */ = {
			isa = XCSwiftPackageProductDependency;
			package = A1C328EC2B144C17009D98FD /* XCRemoteSwiftPackageReference "firebase-ios-sdk" */;
			productName = FirebaseRemoteConfig;
		};
		A1C3291D2B144C17009D98FD /* FirebaseRemoteConfigSwift */ = {
			isa = XCSwiftPackageProductDependency;
			package = A1C328EC2B144C17009D98FD /* XCRemoteSwiftPackageReference "firebase-ios-sdk" */;
			productName = FirebaseRemoteConfigSwift;
		};
		A1C3291F2B144C17009D98FD /* FirebaseStorage */ = {
			isa = XCSwiftPackageProductDependency;
			package = A1C328EC2B144C17009D98FD /* XCRemoteSwiftPackageReference "firebase-ios-sdk" */;
			productName = FirebaseStorage;
		};
		A1C329212B144C17009D98FD /* FirebaseStorageCombine-Community */ = {
			isa = XCSwiftPackageProductDependency;
			package = A1C328EC2B144C17009D98FD /* XCRemoteSwiftPackageReference "firebase-ios-sdk" */;
			productName = "FirebaseStorageCombine-Community";
		};
		A1C329242B144C30009D98FD /* Kingfisher */ = {
			isa = XCSwiftPackageProductDependency;
			package = A1C329232B144C30009D98FD /* XCRemoteSwiftPackageReference "Kingfisher" */;
			productName = Kingfisher;
		};
/* End XCSwiftPackageProductDependency section */
	};
	rootObject = A1C44C622AFCABD000EB5828 /* Project object */;
}
